<?xml version="1.0" encoding="utf-8"?>
<Project ToolsVersion="4.0" xmlns="http://schemas.microsoft.com/developer/msbuild/2003">
  <ItemGroup>
    <ClCompile Include="Sources\3DForm.cpp">
      <Filter>Sources</Filter>
    </ClCompile>
    <ClCompile Include="Sources\MarsExplorer.cpp">
      <Filter>Sources</Filter>
    </ClCompile>
    <ClCompile Include="Sources\MenuForm.cpp">
      <Filter>Sources</Filter>
    </ClCompile>
    <ClCompile Include="Sources\Agent.cpp">
      <Filter>Sources</Filter>
    </ClCompile>
    <ClCompile Include="Sources\SearchAgent.cpp">
      <Filter>Sources</Filter>
    </ClCompile>
    <ClCompile Include="Sources\CarrierAgent.cpp">
      <Filter>Sources</Filter>
    </ClCompile>
    <ClCompile Include="Sources\BaseAgent.cpp">
      <Filter>Sources</Filter>
    </ClCompile>
    <ClCompile Include="Sources\ObstacleAgent.cpp">
      <Filter>Sources</Filter>
    </ClCompile>
    <ClCompile Include="Sources\Container.cpp">
      <Filter>Sources</Filter>
    </ClCompile>
  </ItemGroup>
  <ItemGroup>
    <ClInclude Include="Headers\Definitions.h">
      <Filter>Headers</Filter>
    </ClInclude>
    <ClInclude Include="Headers\Agent3D.h">
      <Filter>Headers</Filter>
    </ClInclude>
    <ClInclude Include="Headers\Includes.h">
      <Filter>Headers</Filter>
    </ClInclude>
    <ClInclude Include="Headers\MarsExplorer.h">
      <Filter>Headers</Filter>
    </ClInclude>
    <ClInclude Include="Headers\Structures.h">
      <Filter>Headers</Filter>
    </ClInclude>
    <ClInclude Include="Headers\ShaderLoader.h">
      <Filter>Headers</Filter>
    </ClInclude>
    <ClInclude Include="Headers\Camera.hpp">
      <Filter>Headers</Filter>
    </ClInclude>
    <ClInclude Include="Headers\MenuForm.h">
      <Filter>Forms</Filter>
    </ClInclude>
    <ClInclude Include="Headers\3DForm.h">
      <Filter>Forms</Filter>
    </ClInclude>
    <ClInclude Include="Headers\Utils.h">
      <Filter>Headers</Filter>
    </ClInclude>
    <ClInclude Include="Headers\Agent.h">
      <Filter>Headers</Filter>
    </ClInclude>
    <ClInclude Include="Headers\SearchAgent.h">
      <Filter>Headers</Filter>
    </ClInclude>
    <ClInclude Include="Headers\CarrierAgent.h">
      <Filter>Headers</Filter>
    </ClInclude>
    <ClInclude Include="Headers\BaseAgent.h">
      <Filter>Headers</Filter>
    </ClInclude>
    <ClInclude Include="Headers\ObstacleAgent.h">
      <Filter>Headers</Filter>
    </ClInclude>
    <ClInclude Include="Headers\Container.h">
      <Filter>Headers</Filter>
    </ClInclude>
  </ItemGroup>
  <ItemGroup>
    <Image Include="Resources\Textures\Background.bmp">
      <Filter>Resources\Textures</Filter>
    </Image>
    <Image Include="Resources\Textures\CarrierAgent.bmp">
      <Filter>Resources\Textures</Filter>
    </Image>
    <Image Include="Resources\Textures\Cristal.bmp">
      <Filter>Resources\Textures</Filter>
    </Image>
    <Image Include="Resources\Textures\SearchAgent.bmp">
      <Filter>Resources\Textures</Filter>
    </Image>
  </ItemGroup>
  <ItemGroup>
    <EmbeddedResource Include="Headers\3DForm.resx">
      <Filter>Resources</Filter>
    </EmbeddedResource>
    <EmbeddedResource Include="Headers\MenuForm.resx">
      <Filter>Resources</Filter>
    </EmbeddedResource>
  </ItemGroup>
  <ItemGroup>
    <None Include="packages.config" />
    <None Include="Shaders\shader_fragment.glsl">
      <Filter>Resources\Shaders</Filter>
    </None>
    <None Include="Shaders\shader_vertex.glsl">
      <Filter>Resources\Shaders</Filter>
    </None>
    <None Include="Resources\Shaders\vertex_shader.glsl">
      <Filter>Resources\Shaders</Filter>
    </None>
    <None Include="Resources\Shaders\fragment_shader.glsl">
      <Filter>Resources\Shaders</Filter>
    </None>
  </ItemGroup>
  <ItemGroup>
    <Filter Include="Headers">
      <UniqueIdentifier>{baac8945-e96b-49e5-8acd-9f69956d3025}</UniqueIdentifier>
    </Filter>
    <Filter Include="Resources">
      <UniqueIdentifier>{3b0e8648-431c-46df-9132-c1c58ec58e05}</UniqueIdentifier>
    </Filter>
    <Filter Include="Resources\Textures">
      <UniqueIdentifier>{b00a62ff-cf53-405d-87c8-d416a4fc709f}</UniqueIdentifier>
    </Filter>
    <Filter Include="Sources">
      <UniqueIdentifier>{b4da05dc-0246-4ac1-882b-0286def99845}</UniqueIdentifier>
    </Filter>
    <Filter Include="Forms">
      <UniqueIdentifier>{52f1ffc1-5d69-42ae-ac02-c47d9251253e}</UniqueIdentifier>
    </Filter>
    <Filter Include="Resources\Shaders">
      <UniqueIdentifier>{b2abae9f-5489-44d3-97a3-e7a7b1601d51}</UniqueIdentifier>
    </Filter>
  </ItemGroup>
</Project>